// !$*UTF8*$!
{
	archiveVersion = 1;
	classes = {
	};
	objectVersion = 50;
	objects = {

/* Begin PBXBuildFile section */
		32C0F411237414BD00612535 /* AppDelegate.swift in Sources */ = {isa = PBXBuildFile; fileRef = 32C0F410237414BD00612535 /* AppDelegate.swift */; };
		32C0F413237414BD00612535 /* SceneDelegate.swift in Sources */ = {isa = PBXBuildFile; fileRef = 32C0F412237414BD00612535 /* SceneDelegate.swift */; };
		32C0F415237414BD00612535 /* ViewController.swift in Sources */ = {isa = PBXBuildFile; fileRef = 32C0F414237414BD00612535 /* ViewController.swift */; };
		32C0F418237414BD00612535 /* Main.storyboard in Resources */ = {isa = PBXBuildFile; fileRef = 32C0F416237414BD00612535 /* Main.storyboard */; };
		32C0F41A237414BF00612535 /* Assets.xcassets in Resources */ = {isa = PBXBuildFile; fileRef = 32C0F419237414BF00612535 /* Assets.xcassets */; };
		32C0F41D237414BF00612535 /* LaunchScreen.storyboard in Resources */ = {isa = PBXBuildFile; fileRef = 32C0F41B237414BF00612535 /* LaunchScreen.storyboard */; };
/* End PBXBuildFile section */

/* Begin PBXFileReference section */
		32C0F40D237414BD00612535 /* Pixart.app */ = {isa = PBXFileReference; explicitFileType = wrapper.application; includeInIndex = 0; path = Pixart.app; sourceTree = BUILT_PRODUCTS_DIR; };
		32C0F410237414BD00612535 /* AppDelegate.swift */ = {isa = PBXFileReference; lastKnownFileType = sourcecode.swift; path = AppDelegate.swift; sourceTree = "<group>"; };
		32C0F412237414BD00612535 /* SceneDelegate.swift */ = {isa = PBXFileReference; lastKnownFileType = sourcecode.swift; path = SceneDelegate.swift; sourceTree = "<group>"; };
		32C0F414237414BD00612535 /* ViewController.swift */ = {isa = PBXFileReference; lastKnownFileType = sourcecode.swift; path = ViewController.swift; sourceTree = "<group>"; };
		32C0F417237414BD00612535 /* Base */ = {isa = PBXFileReference; lastKnownFileType = file.storyboard; name = Base; path = Base.lproj/Main.storyboard; sourceTree = "<group>"; };
		32C0F419237414BF00612535 /* Assets.xcassets */ = {isa = PBXFileReference; lastKnownFileType = folder.assetcatalog; path = Assets.xcassets; sourceTree = "<group>"; };
		32C0F41C237414BF00612535 /* Base */ = {isa = PBXFileReference; lastKnownFileType = file.storyboard; name = Base; path = Base.lproj/LaunchScreen.storyboard; sourceTree = "<group>"; };
		32C0F41E237414BF00612535 /* Info.plist */ = {isa = PBXFileReference; lastKnownFileType = text.plist.xml; path = Info.plist; sourceTree = "<group>"; };
/* End PBXFileReference section */

/* Begin PBXFrameworksBuildPhase section */
		32C0F40A237414BD00612535 /* Frameworks */ = {
			isa = PBXFrameworksBuildPhase;
			buildActionMask = 2147483647;
			files = (
			);
			runOnlyForDeploymentPostprocessing = 0;
		};
/* End PBXFrameworksBuildPhase section */

/* Begin PBXGroup section */
		32C0F404237414BD00612535 = {
			isa = PBXGroup;
			children = (
				32C0F40F237414BD00612535 /* Pixart */,
				32C0F40E237414BD00612535 /* Products */,
			);
			sourceTree = "<group>";
		};
		32C0F40E237414BD00612535 /* Products */ = {
			isa = PBXGroup;
			children = (
				32C0F40D237414BD00612535 /* Pixart.app */,
			);
			name = Products;
			sourceTree = "<group>";
		};
		32C0F40F237414BD00612535 /* Pixart */ = {
			isa = PBXGroup;
			children = (
				32C0F4292374197100612535 /* Utils */,
				32C0F4252374153A00612535 /* Model */,
				32C0F4242374150C00612535 /* Views */,
				32C0F428237418D100612535 /* Controllers */,
				32C0F410237414BD00612535 /* AppDelegate.swift */,
				32C0F412237414BD00612535 /* SceneDelegate.swift */,
				32C0F41B237414BF00612535 /* LaunchScreen.storyboard */,
				32C0F419237414BF00612535 /* Assets.xcassets */,
				32C0F41E237414BF00612535 /* Info.plist */,
			);
			path = Pixart;
			sourceTree = "<group>";
		};
		32C0F4242374150C00612535 /* Views */ = {
			isa = PBXGroup;
			children = (
				32C0F416237414BD00612535 /* Main.storyboard */,
			);
			path = Views;
			sourceTree = "<group>";
		};
		32C0F4252374153A00612535 /* Model */ = {
			isa = PBXGroup;
			children = (
			);
			path = Model;
			sourceTree = "<group>";
		};
		32C0F428237418D100612535 /* Controllers */ = {
			isa = PBXGroup;
			children = (
				32C0F414237414BD00612535 /* ViewController.swift */,
			);
			path = Controllers;
			sourceTree = "<group>";
		};
		32C0F4292374197100612535 /* Utils */ = {
			isa = PBXGroup;
			children = (
			);
			path = Utils;
			sourceTree = "<group>";
		};
/* End PBXGroup section */

/* Begin PBXNativeTarget section */
		32C0F40C237414BD00612535 /* Pixart */ = {
			isa = PBXNativeTarget;
			buildConfigurationList = 32C0F421237414BF00612535 /* Build configuration list for PBXNativeTarget "Pixart" */;
			buildPhases = (
				32C0F409237414BD00612535 /* Sources */,
				32C0F40A237414BD00612535 /* Frameworks */,
				32C0F40B237414BD00612535 /* Resources */,
			);
			buildRules = (
			);
			dependencies = (
			);
			name = Pixart;
			productName = Pixart;
			productReference = 32C0F40D237414BD00612535 /* Pixart.app */;
			productType = "com.apple.product-type.application";
		};
/* End PBXNativeTarget section */

/* Begin PBXProject section */
		32C0F405237414BD00612535 /* Project object */ = {
			isa = PBXProject;
			attributes = {
				LastSwiftUpdateCheck = 1110;
				LastUpgradeCheck = 1110;
				ORGANIZATIONNAME = "UC Davis";
				TargetAttributes = {
					32C0F40C237414BD00612535 = {
						CreatedOnToolsVersion = 11.1;
					};
				};
			};
			buildConfigurationList = 32C0F408237414BD00612535 /* Build configuration list for PBXProject "Pixart" */;
			compatibilityVersion = "Xcode 9.3";
			developmentRegion = en;
			hasScannedForEncodings = 0;
			knownRegions = (
				en,
				Base,
			);
			mainGroup = 32C0F404237414BD00612535;
			productRefGroup = 32C0F40E237414BD00612535 /* Products */;
			projectDirPath = "";
			projectRoot = "";
			targets = (
				32C0F40C237414BD00612535 /* Pixart */,
			);
		};
/* End PBXProject section */

/* Begin PBXResourcesBuildPhase section */
		32C0F40B237414BD00612535 /* Resources */ = {
			isa = PBXResourcesBuildPhase;
			buildActionMask = 2147483647;
			files = (
				32C0F41D237414BF00612535 /* LaunchScreen.storyboard in Resources */,
				32C0F41A237414BF00612535 /* Assets.xcassets in Resources */,
				32C0F418237414BD00612535 /* Main.storyboard in Resources */,
			);
			runOnlyForDeploymentPostprocessing = 0;
		};
/* End PBXResourcesBuildPhase section */

/* Begin PBXSourcesBuildPhase section */
		32C0F409237414BD00612535 /* Sources */ = {
			isa = PBXSourcesBuildPhase;
			buildActionMask = 2147483647;
			files = (
				32C0F415237414BD00612535 /* ViewController.swift in Sources */,
				32C0F411237414BD00612535 /* AppDelegate.swift in Sources */,
				32C0F413237414BD00612535 /* SceneDelegate.swift in Sources */,
			);
			runOnlyForDeploymentPostprocessing = 0;
		};
/* End PBXSourcesBuildPhase section */

/* Begin PBXVariantGroup section */
		32C0F416237414BD00612535 /* Main.storyboard */ = {
			isa = PBXVariantGroup;
			children = (
				32C0F417237414BD00612535 /* Base */,
			);
			name = Main.storyboard;
			sourceTree = "<group>";
		};
		32C0F41B237414BF00612535 /* LaunchScreen.storyboard */ = {
			isa = PBXVariantGroup;
			children = (
				32C0F41C237414BF00612535 /* Base */,
			);
			name = LaunchScreen.storyboard;
			sourceTree = "<group>";
		};
/* End PBXVariantGroup section */

/* Begin XCBuildConfiguration section */
		32C0F41F237414BF00612535 /* Debug */ = {
			isa = XCBuildConfiguration;
			buildSettings = {
				ALWAYS_SEARCH_USER_PATHS = NO;
				CLANG_ANALYZER_NONNULL = YES;
				CLANG_ANALYZER_NUMBER_OBJECT_CONVERSION = YES_AGGRESSIVE;
				CLANG_CXX_LANGUAGE_STANDARD = "gnu++14";
				CLANG_CXX_LIBRARY = "libc++";
				CLANG_ENABLE_MODULES = YES;
				CLANG_ENABLE_OBJC_ARC = YES;
				CLANG_ENABLE_OBJC_WEAK = YES;
				CLANG_WARN_BLOCK_CAPTURE_AUTORELEASING = YES;
				CLANG_WARN_BOOL_CONVERSION = YES;
				CLANG_WARN_COMMA = YES;
				CLANG_WARN_CONSTANT_CONVERSION = YES;
				CLANG_WARN_DEPRECATED_OBJC_IMPLEMENTATIONS = YES;
				CLANG_WARN_DIRECT_OBJC_ISA_USAGE = YES_ERROR;
				CLANG_WARN_DOCUMENTATION_COMMENTS = YES;
				CLANG_WARN_EMPTY_BODY = YES;
				CLANG_WARN_ENUM_CONVERSION = YES;
				CLANG_WARN_INFINITE_RECURSION = YES;
				CLANG_WARN_INT_CONVERSION = YES;
				CLANG_WARN_NON_LITERAL_NULL_CONVERSION = YES;
				CLANG_WARN_OBJC_IMPLICIT_RETAIN_SELF = YES;
				CLANG_WARN_OBJC_LITERAL_CONVERSION = YES;
				CLANG_WARN_OBJC_ROOT_CLASS = YES_ERROR;
				CLANG_WARN_RANGE_LOOP_ANALYSIS = YES;
				CLANG_WARN_STRICT_PROTOTYPES = YES;
				CLANG_WARN_SUSPICIOUS_MOVE = YES;
				CLANG_WARN_UNGUARDED_AVAILABILITY = YES_AGGRESSIVE;
				CLANG_WARN_UNREACHABLE_CODE = YES;
				CLANG_WARN__DUPLICATE_METHOD_MATCH = YES;
				COPY_PHASE_STRIP = NO;
				DEBUG_INFORMATION_FORMAT = dwarf;
				ENABLE_STRICT_OBJC_MSGSEND = YES;
				ENABLE_TESTABILITY = YES;
				GCC_C_LANGUAGE_STANDARD = gnu11;
				GCC_DYNAMIC_NO_PIC = NO;
				GCC_NO_COMMON_BLOCKS = YES;
				GCC_OPTIMIZATION_LEVEL = 0;
				GCC_PREPROCESSOR_DEFINITIONS = (
					"DEBUG=1",
					"$(inherited)",
				);
				GCC_WARN_64_TO_32_BIT_CONVERSION = YES;
				GCC_WARN_ABOUT_RETURN_TYPE = YES_ERROR;
				GCC_WARN_UNDECLARED_SELECTOR = YES;
				GCC_WARN_UNINITIALIZED_AUTOS = YES_AGGRESSIVE;
				GCC_WARN_UNUSED_FUNCTION = YES;
				GCC_WARN_UNUSED_VARIABLE = YES;
				IPHONEOS_DEPLOYMENT_TARGET = 13.1;
				MTL_ENABLE_DEBUG_INFO = INCLUDE_SOURCE;
				MTL_FAST_MATH = YES;
				ONLY_ACTIVE_ARCH = YES;
				SDKROOT = iphoneos;
				SWIFT_ACTIVE_COMPILATION_CONDITIONS = DEBUG;
				SWIFT_OPTIMIZATION_LEVEL = "-Onone";
			};
			name = Debug;
		};
		32C0F420237414BF00612535 /* Release */ = {
			isa = XCBuildConfiguration;
			buildSettings = {
				ALWAYS_SEARCH_USER_PATHS = NO;
				CLANG_ANALYZER_NONNULL = YES;
				CLANG_ANALYZER_NUMBER_OBJECT_CONVERSION = YES_AGGRESSIVE;
				CLANG_CXX_LANGUAGE_STANDARD = "gnu++14";
				CLANG_CXX_LIBRARY = "libc++";
				CLANG_ENABLE_MODULES = YES;
				CLANG_ENABLE_OBJC_ARC = YES;
				CLANG_ENABLE_OBJC_WEAK = YES;
				CLANG_WARN_BLOCK_CAPTURE_AUTORELEASING = YES;
				CLANG_WARN_BOOL_CONVERSION = YES;
				CLANG_WARN_COMMA = YES;
				CLANG_WARN_CONSTANT_CONVERSION = YES;
				CLANG_WARN_DEPRECATED_OBJC_IMPLEMENTATIONS = YES;
				CLANG_WARN_DIRECT_OBJC_ISA_USAGE = YES_ERROR;
				CLANG_WARN_DOCUMENTATION_COMMENTS = YES;
				CLANG_WARN_EMPTY_BODY = YES;
				CLANG_WARN_ENUM_CONVERSION = YES;
				CLANG_WARN_INFINITE_RECURSION = YES;
				CLANG_WARN_INT_CONVERSION = YES;
				CLANG_WARN_NON_LITERAL_NULL_CONVERSION = YES;
				CLANG_WARN_OBJC_IMPLICIT_RETAIN_SELF = YES;
				CLANG_WARN_OBJC_LITERAL_CONVERSION = YES;
				CLANG_WARN_OBJC_ROOT_CLASS = YES_ERROR;
				CLANG_WARN_RANGE_LOOP_ANALYSIS = YES;
				CLANG_WARN_STRICT_PROTOTYPES = YES;
				CLANG_WARN_SUSPICIOUS_MOVE = YES;
				CLANG_WARN_UNGUARDED_AVAILABILITY = YES_AGGRESSIVE;
				CLANG_WARN_UNREACHABLE_CODE = YES;
				CLANG_WARN__DUPLICATE_METHOD_MATCH = YES;
				COPY_PHASE_STRIP = NO;
				DEBUG_INFORMATION_FORMAT = "dwarf-with-dsym";
				ENABLE_NS_ASSERTIONS = NO;
				ENABLE_STRICT_OBJC_MSGSEND = YES;
				GCC_C_LANGUAGE_STANDARD = gnu11;
				GCC_NO_COMMON_BLOCKS = YES;
				GCC_WARN_64_TO_32_BIT_CONVERSION = YES;
				GCC_WARN_ABOUT_RETURN_TYPE = YES_ERROR;
				GCC_WARN_UNDECLARED_SELECTOR = YES;
				GCC_WARN_UNINITIALIZED_AUTOS = YES_AGGRESSIVE;
				GCC_WARN_UNUSED_FUNCTION = YES;
				GCC_WARN_UNUSED_VARIABLE = YES;
				IPHONEOS_DEPLOYMENT_TARGET = 13.1;
				MTL_ENABLE_DEBUG_INFO = NO;
				MTL_FAST_MATH = YES;
				SDKROOT = iphoneos;
				SWIFT_COMPILATION_MODE = wholemodule;
				SWIFT_OPTIMIZATION_LEVEL = "-O";
				VALIDATE_PRODUCT = YES;
			};
			name = Release;
		};
		32C0F422237414BF00612535 /* Debug */ = {
			isa = XCBuildConfiguration;
			buildSettings = {
				ASSETCATALOG_COMPILER_APPICON_NAME = AppIcon;
				CODE_SIGN_STYLE = Automatic;
				INFOPLIST_FILE = Pixart/Info.plist;
				LD_RUNPATH_SEARCH_PATHS = (
					"$(inherited)",
					"@executable_path/Frameworks",
				);
				PRODUCT_BUNDLE_IDENTIFIER = UCD.Pixart;
				PRODUCT_NAME = "$(TARGET_NAME)";
				SWIFT_VERSION = 5.0;
				TARGETED_DEVICE_FAMILY = "1,2";
			};
			name = Debug;
		};
		32C0F423237414BF00612535 /* Release */ = {
			isa = XCBuildConfiguration;
			buildSettings = {
				ASSETCATALOG_COMPILER_APPICON_NAME = AppIcon;
				CODE_SIGN_STYLE = Automatic;
				INFOPLIST_FILE = Pixart/Info.plist;
				LD_RUNPATH_SEARCH_PATHS = (
					"$(inherited)",
					"@executable_path/Frameworks",
				);
				PRODUCT_BUNDLE_IDENTIFIER = UCD.Pixart;
				PRODUCT_NAME = "$(TARGET_NAME)";
				SWIFT_VERSION = 5.0;
				TARGETED_DEVICE_FAMILY = "1,2";
			};
			name = Release;
		};
/* End XCBuildConfiguration section */

/* Begin XCConfigurationList section */
		32C0F408237414BD00612535 /* Build configuration list for PBXProject "Pixart" */ = {
			isa = XCConfigurationList;
			buildConfigurations = (
				32C0F41F237414BF00612535 /* Debug */,
				32C0F420237414BF00612535 /* Release */,
			);
			defaultConfigurationIsVisible = 0;
			defaultConfigurationName = Release;
		};
		32C0F421237414BF00612535 /* Build configuration list for PBXNativeTarget "Pixart" */ = {
			isa = XCConfigurationList;
			buildConfigurations = (
				32C0F422237414BF00612535 /* Debug */,
				32C0F423237414BF00612535 /* Release */,
			);
			defaultConfigurationIsVisible = 0;
			defaultConfigurationName = Release;
		};
/* End XCConfigurationList section */
	};
	rootObject = 32C0F405237414BD00612535 /* Project object */;
}
