// !$*UTF8*$!
{
	archiveVersion = 1;
	classes = {
	};
	objectVersion = 51;
	objects = {

/* Begin PBXBuildFile section */
		3200289B237BD15B0095CE03 /* Local.xcdatamodeld in Sources */ = {isa = PBXBuildFile; fileRef = 32002899237BD15B0095CE03 /* Local.xcdatamodeld */; };
		3200289D237BD1670095CE03 /* LocalStorage.swift in Sources */ = {isa = PBXBuildFile; fileRef = 3200289C237BD1670095CE03 /* LocalStorage.swift */; };
		3200289F237BDCD50095CE03 /* Assets.xcassets in Resources */ = {isa = PBXBuildFile; fileRef = 3200289E237BDCD50095CE03 /* Assets.xcassets */; };
		32602BB623753C6E00FE7D31 /* old_WorksViewController.swift in Sources */ = {isa = PBXBuildFile; fileRef = 32602BB523753C6E00FE7D31 /* old_WorksViewController.swift */; };
		32602BB8237547A200FE7D31 /* CanvasViewController.swift in Sources */ = {isa = PBXBuildFile; fileRef = 32602BB7237547A200FE7D31 /* CanvasViewController.swift */; };
		32602BBA237553EF00FE7D31 /* FeedsViewController.swift in Sources */ = {isa = PBXBuildFile; fileRef = 32602BB9237553EF00FE7D31 /* FeedsViewController.swift */; };
		326CD37623760CA9008CEC07 /* Credits.storyboard in Resources */ = {isa = PBXBuildFile; fileRef = 326CD37523760CA9008CEC07 /* Credits.storyboard */; };
		326CD37823761066008CEC07 /* LogoutConfirmation.storyboard in Resources */ = {isa = PBXBuildFile; fileRef = 326CD37723761066008CEC07 /* LogoutConfirmation.storyboard */; };
		326CD37C23761356008CEC07 /* LogoutConfirmationViewController.swift in Sources */ = {isa = PBXBuildFile; fileRef = 326CD37B23761356008CEC07 /* LogoutConfirmationViewController.swift */; };
		32A162A9238214F7002FEAC4 /* WorksDetail.storyboard in Resources */ = {isa = PBXBuildFile; fileRef = 32A162A8238214F7002FEAC4 /* WorksDetail.storyboard */; };
		32A162AE2382235B002FEAC4 /* SettingsPopupViewController.swift in Sources */ = {isa = PBXBuildFile; fileRef = 32A162AD2382235B002FEAC4 /* SettingsPopupViewController.swift */; };
		32A162B02382244D002FEAC4 /* Canvas.storyboard in Resources */ = {isa = PBXBuildFile; fileRef = 32A162AF2382244D002FEAC4 /* Canvas.storyboard */; };
		32A162B223822464002FEAC4 /* SettingsPopup.storyboard in Resources */ = {isa = PBXBuildFile; fileRef = 32A162B123822464002FEAC4 /* SettingsPopup.storyboard */; };
		32A162B5238279ED002FEAC4 /* PromptNamePopup.storyboard in Resources */ = {isa = PBXBuildFile; fileRef = 32A162B4238279ED002FEAC4 /* PromptNamePopup.storyboard */; };
		32A162B823827A27002FEAC4 /* PromptNamePopupViewController.swift in Sources */ = {isa = PBXBuildFile; fileRef = 32A162B723827A27002FEAC4 /* PromptNamePopupViewController.swift */; };
		32C0F411237414BD00612535 /* AppDelegate.swift in Sources */ = {isa = PBXBuildFile; fileRef = 32C0F410237414BD00612535 /* AppDelegate.swift */; };
		32C0F413237414BD00612535 /* SceneDelegate.swift in Sources */ = {isa = PBXBuildFile; fileRef = 32C0F412237414BD00612535 /* SceneDelegate.swift */; };
		32C0F415237414BD00612535 /* SideMenuViewController.swift in Sources */ = {isa = PBXBuildFile; fileRef = 32C0F414237414BD00612535 /* SideMenuViewController.swift */; };
		32C0F41D237414BF00612535 /* LaunchScreen.storyboard in Resources */ = {isa = PBXBuildFile; fileRef = 32C0F41B237414BF00612535 /* LaunchScreen.storyboard */; };
		32C0F42C2374851200612535 /* Profile.storyboard in Resources */ = {isa = PBXBuildFile; fileRef = 32C0F42A2374851200612535 /* Profile.storyboard */; };
		32C0F42E2374856F00612535 /* Feeds.storyboard in Resources */ = {isa = PBXBuildFile; fileRef = 32C0F42D2374856F00612535 /* Feeds.storyboard */; };
		32C0F4312374956200612535 /* SideMenu.storyboard in Resources */ = {isa = PBXBuildFile; fileRef = 32C0F4302374956200612535 /* SideMenu.storyboard */; };
		32C0F43323749F4600612535 /* Main.storyboard in Resources */ = {isa = PBXBuildFile; fileRef = 32C0F43223749F4600612535 /* Main.storyboard */; };
		32C0F4392374F24D00612535 /* LoginViewController.swift in Sources */ = {isa = PBXBuildFile; fileRef = 32C0F4382374F24D00612535 /* LoginViewController.swift */; };
		32C0F43F237503E100612535 /* ProfileViewController.swift in Sources */ = {isa = PBXBuildFile; fileRef = 32C0F43E237503E100612535 /* ProfileViewController.swift */; };
		32C0F441237536BF00612535 /* Works.storyboard in Resources */ = {isa = PBXBuildFile; fileRef = 32C0F440237536BF00612535 /* Works.storyboard */; };
		32CC193D237E337600810D77 /* WorksViewController.swift in Sources */ = {isa = PBXBuildFile; fileRef = 32CC193C237E337600810D77 /* WorksViewController.swift */; };
		32CC1940237E33D600810D77 /* WorksPrivateViewController.swift in Sources */ = {isa = PBXBuildFile; fileRef = 32CC193F237E33D600810D77 /* WorksPrivateViewController.swift */; };
		32CC1942237E33DF00810D77 /* WorksPublishedViewController.swift in Sources */ = {isa = PBXBuildFile; fileRef = 32CC1941237E33DF00810D77 /* WorksPublishedViewController.swift */; };
		32CC1945237E4ADF00810D77 /* PrivateTableViewCell.swift in Sources */ = {isa = PBXBuildFile; fileRef = 32CC1944237E4ADF00810D77 /* PrivateTableViewCell.swift */; };
		32CC1947237E4AED00810D77 /* PublishedTableViewCell.swift in Sources */ = {isa = PBXBuildFile; fileRef = 32CC1946237E4AED00810D77 /* PublishedTableViewCell.swift */; };
		90832A7785AFB42F2D75E7B9 /* Pods_Pixart.framework in Frameworks */ = {isa = PBXBuildFile; fileRef = 139F0A8BC80429260D62ED46 /* Pods_Pixart.framework */; };
		B57EF8BA2377CE15009DE772 /* WorksTableViewCell.swift in Sources */ = {isa = PBXBuildFile; fileRef = B57EF8B92377CE15009DE772 /* WorksTableViewCell.swift */; };
		B57EF8BC2377EF05009DE772 /* GridView.swift in Sources */ = {isa = PBXBuildFile; fileRef = B57EF8BB2377EF05009DE772 /* GridView.swift */; };
		B70C60592380BECD008C1C34 /* WorkDetailViewController.swift in Sources */ = {isa = PBXBuildFile; fileRef = B70C60582380BECD008C1C34 /* WorkDetailViewController.swift */; };
		F317AD72237D152300BF1F2F /* GoogleService-Info.plist in Resources */ = {isa = PBXBuildFile; fileRef = F317AD71237D152300BF1F2F /* GoogleService-Info.plist */; };
		F31FD413237D3B1400E2B0FF /* SignUpViewController.swift in Sources */ = {isa = PBXBuildFile; fileRef = F31FD412237D3B1400E2B0FF /* SignUpViewController.swift */; };
/* End PBXBuildFile section */

/* Begin PBXFileReference section */
		139F0A8BC80429260D62ED46 /* Pods_Pixart.framework */ = {isa = PBXFileReference; explicitFileType = wrapper.framework; includeInIndex = 0; path = Pods_Pixart.framework; sourceTree = BUILT_PRODUCTS_DIR; };
		3200289A237BD15B0095CE03 /* Local.xcdatamodel */ = {isa = PBXFileReference; lastKnownFileType = wrapper.xcdatamodel; path = Local.xcdatamodel; sourceTree = "<group>"; };
		3200289C237BD1670095CE03 /* LocalStorage.swift */ = {isa = PBXFileReference; fileEncoding = 4; lastKnownFileType = sourcecode.swift; path = LocalStorage.swift; sourceTree = "<group>"; };
		3200289E237BDCD50095CE03 /* Assets.xcassets */ = {isa = PBXFileReference; lastKnownFileType = folder.assetcatalog; path = Assets.xcassets; sourceTree = "<group>"; };
		32602BB523753C6E00FE7D31 /* old_WorksViewController.swift */ = {isa = PBXFileReference; lastKnownFileType = sourcecode.swift; path = old_WorksViewController.swift; sourceTree = "<group>"; };
		32602BB7237547A200FE7D31 /* CanvasViewController.swift */ = {isa = PBXFileReference; lastKnownFileType = sourcecode.swift; path = CanvasViewController.swift; sourceTree = "<group>"; };
		32602BB9237553EF00FE7D31 /* FeedsViewController.swift */ = {isa = PBXFileReference; lastKnownFileType = sourcecode.swift; path = FeedsViewController.swift; sourceTree = "<group>"; };
		326CD37523760CA9008CEC07 /* Credits.storyboard */ = {isa = PBXFileReference; lastKnownFileType = file.storyboard; path = Credits.storyboard; sourceTree = "<group>"; };
		326CD37723761066008CEC07 /* LogoutConfirmation.storyboard */ = {isa = PBXFileReference; lastKnownFileType = file.storyboard; path = LogoutConfirmation.storyboard; sourceTree = "<group>"; };
		326CD37B23761356008CEC07 /* LogoutConfirmationViewController.swift */ = {isa = PBXFileReference; lastKnownFileType = sourcecode.swift; path = LogoutConfirmationViewController.swift; sourceTree = "<group>"; };
		32A162A8238214F7002FEAC4 /* WorksDetail.storyboard */ = {isa = PBXFileReference; fileEncoding = 4; lastKnownFileType = file.storyboard; path = WorksDetail.storyboard; sourceTree = "<group>"; };
		32A162AD2382235B002FEAC4 /* SettingsPopupViewController.swift */ = {isa = PBXFileReference; lastKnownFileType = sourcecode.swift; path = SettingsPopupViewController.swift; sourceTree = "<group>"; };
		32A162AF2382244D002FEAC4 /* Canvas.storyboard */ = {isa = PBXFileReference; fileEncoding = 4; lastKnownFileType = file.storyboard; path = Canvas.storyboard; sourceTree = "<group>"; };
		32A162B123822464002FEAC4 /* SettingsPopup.storyboard */ = {isa = PBXFileReference; fileEncoding = 4; lastKnownFileType = file.storyboard; path = SettingsPopup.storyboard; sourceTree = "<group>"; };
		32A162B4238279ED002FEAC4 /* PromptNamePopup.storyboard */ = {isa = PBXFileReference; fileEncoding = 4; lastKnownFileType = file.storyboard; path = PromptNamePopup.storyboard; sourceTree = "<group>"; };
		32A162B723827A27002FEAC4 /* PromptNamePopupViewController.swift */ = {isa = PBXFileReference; lastKnownFileType = sourcecode.swift; path = PromptNamePopupViewController.swift; sourceTree = "<group>"; };
		32C0F40D237414BD00612535 /* Pixart.app */ = {isa = PBXFileReference; explicitFileType = wrapper.application; includeInIndex = 0; path = Pixart.app; sourceTree = BUILT_PRODUCTS_DIR; };
		32C0F410237414BD00612535 /* AppDelegate.swift */ = {isa = PBXFileReference; lastKnownFileType = sourcecode.swift; path = AppDelegate.swift; sourceTree = "<group>"; };
		32C0F412237414BD00612535 /* SceneDelegate.swift */ = {isa = PBXFileReference; lastKnownFileType = sourcecode.swift; path = SceneDelegate.swift; sourceTree = "<group>"; };
		32C0F414237414BD00612535 /* SideMenuViewController.swift */ = {isa = PBXFileReference; lastKnownFileType = sourcecode.swift; path = SideMenuViewController.swift; sourceTree = "<group>"; };
		32C0F41C237414BF00612535 /* Base */ = {isa = PBXFileReference; lastKnownFileType = file.storyboard; name = Base; path = Base.lproj/LaunchScreen.storyboard; sourceTree = "<group>"; };
		32C0F41E237414BF00612535 /* Info.plist */ = {isa = PBXFileReference; lastKnownFileType = text.plist.xml; path = Info.plist; sourceTree = "<group>"; };
		32C0F42B2374851200612535 /* Base */ = {isa = PBXFileReference; lastKnownFileType = file.storyboard; name = Base; path = Pixart/Views/Base.lproj/Profile.storyboard; sourceTree = "<group>"; };
		32C0F42D2374856F00612535 /* Feeds.storyboard */ = {isa = PBXFileReference; fileEncoding = 4; lastKnownFileType = file.storyboard; path = Feeds.storyboard; sourceTree = "<group>"; };
		32C0F4302374956200612535 /* SideMenu.storyboard */ = {isa = PBXFileReference; lastKnownFileType = file.storyboard; path = SideMenu.storyboard; sourceTree = "<group>"; };
		32C0F43223749F4600612535 /* Main.storyboard */ = {isa = PBXFileReference; lastKnownFileType = file.storyboard; path = Main.storyboard; sourceTree = "<group>"; };
		32C0F4382374F24D00612535 /* LoginViewController.swift */ = {isa = PBXFileReference; lastKnownFileType = sourcecode.swift; path = LoginViewController.swift; sourceTree = "<group>"; };
		32C0F43E237503E100612535 /* ProfileViewController.swift */ = {isa = PBXFileReference; lastKnownFileType = sourcecode.swift; path = ProfileViewController.swift; sourceTree = "<group>"; };
		32C0F440237536BF00612535 /* Works.storyboard */ = {isa = PBXFileReference; lastKnownFileType = file.storyboard; path = Works.storyboard; sourceTree = "<group>"; };
		32CC193C237E337600810D77 /* WorksViewController.swift */ = {isa = PBXFileReference; lastKnownFileType = sourcecode.swift; path = WorksViewController.swift; sourceTree = "<group>"; };
		32CC193F237E33D600810D77 /* WorksPrivateViewController.swift */ = {isa = PBXFileReference; lastKnownFileType = sourcecode.swift; path = WorksPrivateViewController.swift; sourceTree = "<group>"; };
		32CC1941237E33DF00810D77 /* WorksPublishedViewController.swift */ = {isa = PBXFileReference; lastKnownFileType = sourcecode.swift; path = WorksPublishedViewController.swift; sourceTree = "<group>"; };
		32CC1944237E4ADF00810D77 /* PrivateTableViewCell.swift */ = {isa = PBXFileReference; lastKnownFileType = sourcecode.swift; path = PrivateTableViewCell.swift; sourceTree = "<group>"; };
		32CC1946237E4AED00810D77 /* PublishedTableViewCell.swift */ = {isa = PBXFileReference; lastKnownFileType = sourcecode.swift; path = PublishedTableViewCell.swift; sourceTree = "<group>"; };
		4F67732EF58E34752E9602F7 /* Pods-Pixart.debug.xcconfig */ = {isa = PBXFileReference; includeInIndex = 1; lastKnownFileType = text.xcconfig; name = "Pods-Pixart.debug.xcconfig"; path = "Target Support Files/Pods-Pixart/Pods-Pixart.debug.xcconfig"; sourceTree = "<group>"; };
		B57EF8B92377CE15009DE772 /* WorksTableViewCell.swift */ = {isa = PBXFileReference; fileEncoding = 4; lastKnownFileType = sourcecode.swift; path = WorksTableViewCell.swift; sourceTree = "<group>"; };
		B57EF8BB2377EF05009DE772 /* GridView.swift */ = {isa = PBXFileReference; lastKnownFileType = sourcecode.swift; path = GridView.swift; sourceTree = "<group>"; };
		B70C60582380BECD008C1C34 /* WorkDetailViewController.swift */ = {isa = PBXFileReference; lastKnownFileType = sourcecode.swift; path = WorkDetailViewController.swift; sourceTree = "<group>"; };
		BC70609E9D45848D3A1BA3DB /* Pods-Pixart.release.xcconfig */ = {isa = PBXFileReference; includeInIndex = 1; lastKnownFileType = text.xcconfig; name = "Pods-Pixart.release.xcconfig"; path = "Target Support Files/Pods-Pixart/Pods-Pixart.release.xcconfig"; sourceTree = "<group>"; };
		F317AD71237D152300BF1F2F /* GoogleService-Info.plist */ = {isa = PBXFileReference; fileEncoding = 4; lastKnownFileType = text.plist.xml; path = "GoogleService-Info.plist"; sourceTree = "<group>"; };
		F31FD412237D3B1400E2B0FF /* SignUpViewController.swift */ = {isa = PBXFileReference; lastKnownFileType = sourcecode.swift; path = SignUpViewController.swift; sourceTree = "<group>"; };
		F34055D4237BB56000AFDA02 /* Pixart.entitlements */ = {isa = PBXFileReference; lastKnownFileType = text.plist.entitlements; path = Pixart.entitlements; sourceTree = "<group>"; };
/* End PBXFileReference section */

/* Begin PBXFrameworksBuildPhase section */
		32C0F40A237414BD00612535 /* Frameworks */ = {
			isa = PBXFrameworksBuildPhase;
			buildActionMask = 2147483647;
			files = (
				90832A7785AFB42F2D75E7B9 /* Pods_Pixart.framework in Frameworks */,
			);
			runOnlyForDeploymentPostprocessing = 0;
		};
/* End PBXFrameworksBuildPhase section */

/* Begin PBXGroup section */
		326CD372237603A6008CEC07 /* Extensions */ = {
			isa = PBXGroup;
			children = (
			);
			path = Extensions;
			sourceTree = "<group>";
		};
		326CD3792376106B008CEC07 /* Popups */ = {
			isa = PBXGroup;
			children = (
				326CD37723761066008CEC07 /* LogoutConfirmation.storyboard */,
			);
			path = Popups;
			sourceTree = "<group>";
		};
		326CD37A23761341008CEC07 /* Popups Controllers */ = {
			isa = PBXGroup;
			children = (
				326CD37B23761356008CEC07 /* LogoutConfirmationViewController.swift */,
			);
			path = "Popups Controllers";
			sourceTree = "<group>";
		};
		32A162A62382090B002FEAC4 /* CanvasViewControllers */ = {
			isa = PBXGroup;
			children = (
				32A162B623827A12002FEAC4 /* Popups */,
				32602BB7237547A200FE7D31 /* CanvasViewController.swift */,
				B57EF8BB2377EF05009DE772 /* GridView.swift */,
			);
			path = CanvasViewControllers;
			sourceTree = "<group>";
		};
		32A162A7238214D3002FEAC4 /* Works */ = {
			isa = PBXGroup;
			children = (
				32C0F440237536BF00612535 /* Works.storyboard */,
				32A162A8238214F7002FEAC4 /* WorksDetail.storyboard */,
			);
			path = Works;
			sourceTree = "<group>";
		};
		32A162AA23821512002FEAC4 /* Old_Codes */ = {
			isa = PBXGroup;
			children = (
				32602BB523753C6E00FE7D31 /* old_WorksViewController.swift */,
				B57EF8B92377CE15009DE772 /* WorksTableViewCell.swift */,
			);
			path = Old_Codes;
			sourceTree = "<group>";
		};
		32A162AB23821824002FEAC4 /* Canvas */ = {
			isa = PBXGroup;
			children = (
				32A162B3238279C2002FEAC4 /* Popups */,
				32A162AF2382244D002FEAC4 /* Canvas.storyboard */,
			);
			path = Canvas;
			sourceTree = "<group>";
		};
		32A162B3238279C2002FEAC4 /* Popups */ = {
			isa = PBXGroup;
			children = (
				32A162B123822464002FEAC4 /* SettingsPopup.storyboard */,
				32A162B4238279ED002FEAC4 /* PromptNamePopup.storyboard */,
			);
			path = Popups;
			sourceTree = "<group>";
		};
		32A162B623827A12002FEAC4 /* Popups */ = {
			isa = PBXGroup;
			children = (
				32A162AD2382235B002FEAC4 /* SettingsPopupViewController.swift */,
				32A162B723827A27002FEAC4 /* PromptNamePopupViewController.swift */,
			);
			path = Popups;
			sourceTree = "<group>";
		};
		32C0F404237414BD00612535 = {
			isa = PBXGroup;
			children = (
				32C0F40F237414BD00612535 /* Pixart */,
				32C0F40E237414BD00612535 /* Products */,
				CEFDAD6000A88CAC4F67270B /* Pods */,
				7FB127BF296BCF317D1ABB7F /* Frameworks */,
			);
			sourceTree = "<group>";
		};
		32C0F40E237414BD00612535 /* Products */ = {
			isa = PBXGroup;
			children = (
				32C0F40D237414BD00612535 /* Pixart.app */,
			);
			name = Products;
			sourceTree = "<group>";
		};
		32C0F40F237414BD00612535 /* Pixart */ = {
			isa = PBXGroup;
			children = (
				F34055D4237BB56000AFDA02 /* Pixart.entitlements */,
				F317AD71237D152300BF1F2F /* GoogleService-Info.plist */,
				32C0F4292374197100612535 /* Utils */,
				32C0F4252374153A00612535 /* Model */,
				32C0F4242374150C00612535 /* Views */,
				32C0F428237418D100612535 /* Controllers */,
				32C0F410237414BD00612535 /* AppDelegate.swift */,
				32C0F412237414BD00612535 /* SceneDelegate.swift */,
				32C0F41B237414BF00612535 /* LaunchScreen.storyboard */,
				32C0F41E237414BF00612535 /* Info.plist */,
				32002899237BD15B0095CE03 /* Local.xcdatamodeld */,
				3200289E237BDCD50095CE03 /* Assets.xcassets */,
			);
			path = Pixart;
			sourceTree = "<group>";
		};
		32C0F4242374150C00612535 /* Views */ = {
			isa = PBXGroup;
			children = (
				326CD3792376106B008CEC07 /* Popups */,
				32A162AB23821824002FEAC4 /* Canvas */,
				32A162A7238214D3002FEAC4 /* Works */,
				32C0F43223749F4600612535 /* Main.storyboard */,
				32C0F4302374956200612535 /* SideMenu.storyboard */,
				32C0F42A2374851200612535 /* Profile.storyboard */,
				32C0F42D2374856F00612535 /* Feeds.storyboard */,
				326CD37523760CA9008CEC07 /* Credits.storyboard */,
			);
			path = Views;
			sourceTree = "<group>";
		};
		32C0F4252374153A00612535 /* Model */ = {
			isa = PBXGroup;
			children = (
				3200289C237BD1670095CE03 /* LocalStorage.swift */,
			);
			path = Model;
			sourceTree = "<group>";
		};
		32C0F428237418D100612535 /* Controllers */ = {
			isa = PBXGroup;
			children = (
				32A162AA23821512002FEAC4 /* Old_Codes */,
				32A162A62382090B002FEAC4 /* CanvasViewControllers */,
				32CC193E237E33BA00810D77 /* WorksViewControllers */,
				326CD37A23761341008CEC07 /* Popups Controllers */,
				32C0F4382374F24D00612535 /* LoginViewController.swift */,
				F31FD412237D3B1400E2B0FF /* SignUpViewController.swift */,
				32C0F414237414BD00612535 /* SideMenuViewController.swift */,
				32C0F43E237503E100612535 /* ProfileViewController.swift */,
				32602BB9237553EF00FE7D31 /* FeedsViewController.swift */,
			);
			path = Controllers;
			sourceTree = "<group>";
		};
		32C0F4292374197100612535 /* Utils */ = {
			isa = PBXGroup;
			children = (
				326CD372237603A6008CEC07 /* Extensions */,
			);
			path = Utils;
			sourceTree = "<group>";
		};
		32CC193E237E33BA00810D77 /* WorksViewControllers */ = {
			isa = PBXGroup;
			children = (
				32CC1943237E4AC000810D77 /* TableViewCell */,
				32CC193C237E337600810D77 /* WorksViewController.swift */,
				32CC193F237E33D600810D77 /* WorksPrivateViewController.swift */,
				32CC1941237E33DF00810D77 /* WorksPublishedViewController.swift */,
				B70C60582380BECD008C1C34 /* WorkDetailViewController.swift */,
			);
			path = WorksViewControllers;
			sourceTree = "<group>";
		};
		32CC1943237E4AC000810D77 /* TableViewCell */ = {
			isa = PBXGroup;
			children = (
				32CC1944237E4ADF00810D77 /* PrivateTableViewCell.swift */,
				32CC1946237E4AED00810D77 /* PublishedTableViewCell.swift */,
			);
			path = TableViewCell;
			sourceTree = "<group>";
		};
		7FB127BF296BCF317D1ABB7F /* Frameworks */ = {
			isa = PBXGroup;
			children = (
				139F0A8BC80429260D62ED46 /* Pods_Pixart.framework */,
			);
			name = Frameworks;
			sourceTree = "<group>";
		};
		CEFDAD6000A88CAC4F67270B /* Pods */ = {
			isa = PBXGroup;
			children = (
				4F67732EF58E34752E9602F7 /* Pods-Pixart.debug.xcconfig */,
				BC70609E9D45848D3A1BA3DB /* Pods-Pixart.release.xcconfig */,
			);
			path = Pods;
			sourceTree = "<group>";
		};
/* End PBXGroup section */

/* Begin PBXNativeTarget section */
		32C0F40C237414BD00612535 /* Pixart */ = {
			isa = PBXNativeTarget;
			buildConfigurationList = 32C0F421237414BF00612535 /* Build configuration list for PBXNativeTarget "Pixart" */;
			buildPhases = (
				E04BD8C3C19C41F168AC3257 /* [CP] Check Pods Manifest.lock */,
				32C0F409237414BD00612535 /* Sources */,
				32C0F40A237414BD00612535 /* Frameworks */,
				32C0F40B237414BD00612535 /* Resources */,
				EDA71C29C5622348CCD24197 /* [CP] Embed Pods Frameworks */,
				BCB895827F04010EEDADAB5D /* [CP] Copy Pods Resources */,
			);
			buildRules = (
			);
			dependencies = (
			);
			name = Pixart;
			productName = Pixart;
			productReference = 32C0F40D237414BD00612535 /* Pixart.app */;
			productType = "com.apple.product-type.application";
		};
/* End PBXNativeTarget section */

/* Begin PBXProject section */
		32C0F405237414BD00612535 /* Project object */ = {
			isa = PBXProject;
			attributes = {
				LastSwiftUpdateCheck = 1110;
				LastUpgradeCheck = 1110;
				ORGANIZATIONNAME = "UC Davis";
				TargetAttributes = {
					32C0F40C237414BD00612535 = {
						CreatedOnToolsVersion = 11.1;
					};
				};
			};
			buildConfigurationList = 32C0F408237414BD00612535 /* Build configuration list for PBXProject "Pixart" */;
			compatibilityVersion = "Xcode 9.3";
			developmentRegion = en;
			hasScannedForEncodings = 0;
			knownRegions = (
				en,
				Base,
			);
			mainGroup = 32C0F404237414BD00612535;
			productRefGroup = 32C0F40E237414BD00612535 /* Products */;
			projectDirPath = "";
			projectRoot = "";
			targets = (
				32C0F40C237414BD00612535 /* Pixart */,
			);
		};
/* End PBXProject section */

/* Begin PBXResourcesBuildPhase section */
		32C0F40B237414BD00612535 /* Resources */ = {
			isa = PBXResourcesBuildPhase;
			buildActionMask = 2147483647;
			files = (
				32A162B5238279ED002FEAC4 /* PromptNamePopup.storyboard in Resources */,
				32C0F4312374956200612535 /* SideMenu.storyboard in Resources */,
				32A162B223822464002FEAC4 /* SettingsPopup.storyboard in Resources */,
				32C0F441237536BF00612535 /* Works.storyboard in Resources */,
				32A162A9238214F7002FEAC4 /* WorksDetail.storyboard in Resources */,
				32C0F42E2374856F00612535 /* Feeds.storyboard in Resources */,
				326CD37823761066008CEC07 /* LogoutConfirmation.storyboard in Resources */,
				3200289F237BDCD50095CE03 /* Assets.xcassets in Resources */,
				32C0F43323749F4600612535 /* Main.storyboard in Resources */,
				326CD37623760CA9008CEC07 /* Credits.storyboard in Resources */,
				32C0F41D237414BF00612535 /* LaunchScreen.storyboard in Resources */,
				F317AD72237D152300BF1F2F /* GoogleService-Info.plist in Resources */,
				32C0F42C2374851200612535 /* Profile.storyboard in Resources */,
				32A162B02382244D002FEAC4 /* Canvas.storyboard in Resources */,
			);
			runOnlyForDeploymentPostprocessing = 0;
		};
/* End PBXResourcesBuildPhase section */

/* Begin PBXShellScriptBuildPhase section */
		BCB895827F04010EEDADAB5D /* [CP] Copy Pods Resources */ = {
			isa = PBXShellScriptBuildPhase;
			buildActionMask = 2147483647;
			files = (
			);
			inputFileListPaths = (
				"${PODS_ROOT}/Target Support Files/Pods-Pixart/Pods-Pixart-resources-${CONFIGURATION}-input-files.xcfilelist",
			);
			name = "[CP] Copy Pods Resources";
			outputFileListPaths = (
				"${PODS_ROOT}/Target Support Files/Pods-Pixart/Pods-Pixart-resources-${CONFIGURATION}-output-files.xcfilelist",
			);
			runOnlyForDeploymentPostprocessing = 0;
			shellPath = /bin/sh;
			shellScript = "\"${PODS_ROOT}/Target Support Files/Pods-Pixart/Pods-Pixart-resources.sh\"\n";
			showEnvVarsInLog = 0;
		};
		E04BD8C3C19C41F168AC3257 /* [CP] Check Pods Manifest.lock */ = {
			isa = PBXShellScriptBuildPhase;
			buildActionMask = 2147483647;
			files = (
			);
			inputFileListPaths = (
			);
			inputPaths = (
				"${PODS_PODFILE_DIR_PATH}/Podfile.lock",
				"${PODS_ROOT}/Manifest.lock",
			);
			name = "[CP] Check Pods Manifest.lock";
			outputFileListPaths = (
			);
			outputPaths = (
				"$(DERIVED_FILE_DIR)/Pods-Pixart-checkManifestLockResult.txt",
			);
			runOnlyForDeploymentPostprocessing = 0;
			shellPath = /bin/sh;
			shellScript = "diff \"${PODS_PODFILE_DIR_PATH}/Podfile.lock\" \"${PODS_ROOT}/Manifest.lock\" > /dev/null\nif [ $? != 0 ] ; then\n    # print error to STDERR\n    echo \"error: The sandbox is not in sync with the Podfile.lock. Run 'pod install' or update your CocoaPods installation.\" >&2\n    exit 1\nfi\n# This output is used by Xcode 'outputs' to avoid re-running this script phase.\necho \"SUCCESS\" > \"${SCRIPT_OUTPUT_FILE_0}\"\n";
			showEnvVarsInLog = 0;
		};
		EDA71C29C5622348CCD24197 /* [CP] Embed Pods Frameworks */ = {
			isa = PBXShellScriptBuildPhase;
			buildActionMask = 2147483647;
			files = (
			);
			inputFileListPaths = (
				"${PODS_ROOT}/Target Support Files/Pods-Pixart/Pods-Pixart-frameworks-${CONFIGURATION}-input-files.xcfilelist",
			);
			name = "[CP] Embed Pods Frameworks";
			outputFileListPaths = (
				"${PODS_ROOT}/Target Support Files/Pods-Pixart/Pods-Pixart-frameworks-${CONFIGURATION}-output-files.xcfilelist",
			);
			runOnlyForDeploymentPostprocessing = 0;
			shellPath = /bin/sh;
			shellScript = "\"${PODS_ROOT}/Target Support Files/Pods-Pixart/Pods-Pixart-frameworks.sh\"\n";
			showEnvVarsInLog = 0;
		};
/* End PBXShellScriptBuildPhase section */

/* Begin PBXSourcesBuildPhase section */
		32C0F409237414BD00612535 /* Sources */ = {
			isa = PBXSourcesBuildPhase;
			buildActionMask = 2147483647;
			files = (
				32A162AE2382235B002FEAC4 /* SettingsPopupViewController.swift in Sources */,
				32C0F4392374F24D00612535 /* LoginViewController.swift in Sources */,
				326CD37C23761356008CEC07 /* LogoutConfirmationViewController.swift in Sources */,
				B70C60592380BECD008C1C34 /* WorkDetailViewController.swift in Sources */,
				32C0F415237414BD00612535 /* SideMenuViewController.swift in Sources */,
				B57EF8BC2377EF05009DE772 /* GridView.swift in Sources */,
				32CC1942237E33DF00810D77 /* WorksPublishedViewController.swift in Sources */,
				32CC1945237E4ADF00810D77 /* PrivateTableViewCell.swift in Sources */,
				32602BBA237553EF00FE7D31 /* FeedsViewController.swift in Sources */,
				32C0F43F237503E100612535 /* ProfileViewController.swift in Sources */,
				32CC1940237E33D600810D77 /* WorksPrivateViewController.swift in Sources */,
				32C0F411237414BD00612535 /* AppDelegate.swift in Sources */,
				32C0F413237414BD00612535 /* SceneDelegate.swift in Sources */,
				32CC193D237E337600810D77 /* WorksViewController.swift in Sources */,
				32A162B823827A27002FEAC4 /* PromptNamePopupViewController.swift in Sources */,
				F31FD413237D3B1400E2B0FF /* SignUpViewController.swift in Sources */,
				32602BB8237547A200FE7D31 /* CanvasViewController.swift in Sources */,
				32CC1947237E4AED00810D77 /* PublishedTableViewCell.swift in Sources */,
				3200289B237BD15B0095CE03 /* Local.xcdatamodeld in Sources */,
				B57EF8BA2377CE15009DE772 /* WorksTableViewCell.swift in Sources */,
				32602BB623753C6E00FE7D31 /* old_WorksViewController.swift in Sources */,
				3200289D237BD1670095CE03 /* LocalStorage.swift in Sources */,
			);
			runOnlyForDeploymentPostprocessing = 0;
		};
/* End PBXSourcesBuildPhase section */

/* Begin PBXVariantGroup section */
		32C0F41B237414BF00612535 /* LaunchScreen.storyboard */ = {
			isa = PBXVariantGroup;
			children = (
				32C0F41C237414BF00612535 /* Base */,
			);
			name = LaunchScreen.storyboard;
			sourceTree = "<group>";
		};
		32C0F42A2374851200612535 /* Profile.storyboard */ = {
			isa = PBXVariantGroup;
			children = (
				32C0F42B2374851200612535 /* Base */,
			);
			name = Profile.storyboard;
			sourceTree = "<group>";
		};
/* End PBXVariantGroup section */

/* Begin XCBuildConfiguration section */
		32C0F41F237414BF00612535 /* Debug */ = {
			isa = XCBuildConfiguration;
			buildSettings = {
				ALWAYS_SEARCH_USER_PATHS = NO;
				CLANG_ANALYZER_NONNULL = YES;
				CLANG_ANALYZER_NUMBER_OBJECT_CONVERSION = YES_AGGRESSIVE;
				CLANG_CXX_LANGUAGE_STANDARD = "gnu++14";
				CLANG_CXX_LIBRARY = "libc++";
				CLANG_ENABLE_MODULES = YES;
				CLANG_ENABLE_OBJC_ARC = YES;
				CLANG_ENABLE_OBJC_WEAK = YES;
				CLANG_WARN_BLOCK_CAPTURE_AUTORELEASING = YES;
				CLANG_WARN_BOOL_CONVERSION = YES;
				CLANG_WARN_COMMA = YES;
				CLANG_WARN_CONSTANT_CONVERSION = YES;
				CLANG_WARN_DEPRECATED_OBJC_IMPLEMENTATIONS = YES;
				CLANG_WARN_DIRECT_OBJC_ISA_USAGE = YES_ERROR;
				CLANG_WARN_DOCUMENTATION_COMMENTS = YES;
				CLANG_WARN_EMPTY_BODY = YES;
				CLANG_WARN_ENUM_CONVERSION = YES;
				CLANG_WARN_INFINITE_RECURSION = YES;
				CLANG_WARN_INT_CONVERSION = YES;
				CLANG_WARN_NON_LITERAL_NULL_CONVERSION = YES;
				CLANG_WARN_OBJC_IMPLICIT_RETAIN_SELF = YES;
				CLANG_WARN_OBJC_LITERAL_CONVERSION = YES;
				CLANG_WARN_OBJC_ROOT_CLASS = YES_ERROR;
				CLANG_WARN_RANGE_LOOP_ANALYSIS = YES;
				CLANG_WARN_STRICT_PROTOTYPES = YES;
				CLANG_WARN_SUSPICIOUS_MOVE = YES;
				CLANG_WARN_UNGUARDED_AVAILABILITY = YES_AGGRESSIVE;
				CLANG_WARN_UNREACHABLE_CODE = YES;
				CLANG_WARN__DUPLICATE_METHOD_MATCH = YES;
				COPY_PHASE_STRIP = NO;
				DEBUG_INFORMATION_FORMAT = dwarf;
				ENABLE_STRICT_OBJC_MSGSEND = YES;
				ENABLE_TESTABILITY = YES;
				GCC_C_LANGUAGE_STANDARD = gnu11;
				GCC_DYNAMIC_NO_PIC = NO;
				GCC_NO_COMMON_BLOCKS = YES;
				GCC_OPTIMIZATION_LEVEL = 0;
				GCC_PREPROCESSOR_DEFINITIONS = (
					"DEBUG=1",
					"$(inherited)",
				);
				GCC_WARN_64_TO_32_BIT_CONVERSION = YES;
				GCC_WARN_ABOUT_RETURN_TYPE = YES_ERROR;
				GCC_WARN_UNDECLARED_SELECTOR = YES;
				GCC_WARN_UNINITIALIZED_AUTOS = YES_AGGRESSIVE;
				GCC_WARN_UNUSED_FUNCTION = YES;
				GCC_WARN_UNUSED_VARIABLE = YES;
				IPHONEOS_DEPLOYMENT_TARGET = 13.1;
				MTL_ENABLE_DEBUG_INFO = INCLUDE_SOURCE;
				MTL_FAST_MATH = YES;
				ONLY_ACTIVE_ARCH = YES;
				SDKROOT = iphoneos;
				SWIFT_ACTIVE_COMPILATION_CONDITIONS = DEBUG;
				SWIFT_OPTIMIZATION_LEVEL = "-Onone";
			};
			name = Debug;
		};
		32C0F420237414BF00612535 /* Release */ = {
			isa = XCBuildConfiguration;
			buildSettings = {
				ALWAYS_SEARCH_USER_PATHS = NO;
				CLANG_ANALYZER_NONNULL = YES;
				CLANG_ANALYZER_NUMBER_OBJECT_CONVERSION = YES_AGGRESSIVE;
				CLANG_CXX_LANGUAGE_STANDARD = "gnu++14";
				CLANG_CXX_LIBRARY = "libc++";
				CLANG_ENABLE_MODULES = YES;
				CLANG_ENABLE_OBJC_ARC = YES;
				CLANG_ENABLE_OBJC_WEAK = YES;
				CLANG_WARN_BLOCK_CAPTURE_AUTORELEASING = YES;
				CLANG_WARN_BOOL_CONVERSION = YES;
				CLANG_WARN_COMMA = YES;
				CLANG_WARN_CONSTANT_CONVERSION = YES;
				CLANG_WARN_DEPRECATED_OBJC_IMPLEMENTATIONS = YES;
				CLANG_WARN_DIRECT_OBJC_ISA_USAGE = YES_ERROR;
				CLANG_WARN_DOCUMENTATION_COMMENTS = YES;
				CLANG_WARN_EMPTY_BODY = YES;
				CLANG_WARN_ENUM_CONVERSION = YES;
				CLANG_WARN_INFINITE_RECURSION = YES;
				CLANG_WARN_INT_CONVERSION = YES;
				CLANG_WARN_NON_LITERAL_NULL_CONVERSION = YES;
				CLANG_WARN_OBJC_IMPLICIT_RETAIN_SELF = YES;
				CLANG_WARN_OBJC_LITERAL_CONVERSION = YES;
				CLANG_WARN_OBJC_ROOT_CLASS = YES_ERROR;
				CLANG_WARN_RANGE_LOOP_ANALYSIS = YES;
				CLANG_WARN_STRICT_PROTOTYPES = YES;
				CLANG_WARN_SUSPICIOUS_MOVE = YES;
				CLANG_WARN_UNGUARDED_AVAILABILITY = YES_AGGRESSIVE;
				CLANG_WARN_UNREACHABLE_CODE = YES;
				CLANG_WARN__DUPLICATE_METHOD_MATCH = YES;
				COPY_PHASE_STRIP = NO;
				DEBUG_INFORMATION_FORMAT = "dwarf-with-dsym";
				ENABLE_NS_ASSERTIONS = NO;
				ENABLE_STRICT_OBJC_MSGSEND = YES;
				GCC_C_LANGUAGE_STANDARD = gnu11;
				GCC_NO_COMMON_BLOCKS = YES;
				GCC_WARN_64_TO_32_BIT_CONVERSION = YES;
				GCC_WARN_ABOUT_RETURN_TYPE = YES_ERROR;
				GCC_WARN_UNDECLARED_SELECTOR = YES;
				GCC_WARN_UNINITIALIZED_AUTOS = YES_AGGRESSIVE;
				GCC_WARN_UNUSED_FUNCTION = YES;
				GCC_WARN_UNUSED_VARIABLE = YES;
				IPHONEOS_DEPLOYMENT_TARGET = 13.1;
				MTL_ENABLE_DEBUG_INFO = NO;
				MTL_FAST_MATH = YES;
				SDKROOT = iphoneos;
				SWIFT_COMPILATION_MODE = wholemodule;
				SWIFT_OPTIMIZATION_LEVEL = "-O";
				VALIDATE_PRODUCT = YES;
			};
			name = Release;
		};
		32C0F422237414BF00612535 /* Debug */ = {
			isa = XCBuildConfiguration;
			baseConfigurationReference = 4F67732EF58E34752E9602F7 /* Pods-Pixart.debug.xcconfig */;
			buildSettings = {
				ASSETCATALOG_COMPILER_APPICON_NAME = AppIcon;
				CODE_SIGN_ENTITLEMENTS = Pixart/Pixart.entitlements;
				CODE_SIGN_IDENTITY = "Apple Development";
				CODE_SIGN_STYLE = Automatic;
				DEVELOPMENT_TEAM = P5LBX5LJJ5;
				INFOPLIST_FILE = Pixart/Info.plist;
				LD_RUNPATH_SEARCH_PATHS = (
					"$(inherited)",
					"@executable_path/Frameworks",
				);
				PRODUCT_BUNDLE_IDENTIFIER = UCD.Pixart;
				PRODUCT_NAME = "$(TARGET_NAME)";
				PROVISIONING_PROFILE_SPECIFIER = "";
				SWIFT_VERSION = 5.0;
				TARGETED_DEVICE_FAMILY = "1,2";
			};
			name = Debug;
		};
		32C0F423237414BF00612535 /* Release */ = {
			isa = XCBuildConfiguration;
			baseConfigurationReference = BC70609E9D45848D3A1BA3DB /* Pods-Pixart.release.xcconfig */;
			buildSettings = {
				ASSETCATALOG_COMPILER_APPICON_NAME = AppIcon;
				CODE_SIGN_ENTITLEMENTS = Pixart/Pixart.entitlements;
				CODE_SIGN_IDENTITY = "Apple Development";
				CODE_SIGN_STYLE = Automatic;
				DEVELOPMENT_TEAM = P5LBX5LJJ5;
				INFOPLIST_FILE = Pixart/Info.plist;
				LD_RUNPATH_SEARCH_PATHS = (
					"$(inherited)",
					"@executable_path/Frameworks",
				);
				PRODUCT_BUNDLE_IDENTIFIER = UCD.Pixart;
				PRODUCT_NAME = "$(TARGET_NAME)";
				PROVISIONING_PROFILE_SPECIFIER = "";
				SWIFT_VERSION = 5.0;
				TARGETED_DEVICE_FAMILY = "1,2";
			};
			name = Release;
		};
/* End XCBuildConfiguration section */

/* Begin XCConfigurationList section */
		32C0F408237414BD00612535 /* Build configuration list for PBXProject "Pixart" */ = {
			isa = XCConfigurationList;
			buildConfigurations = (
				32C0F41F237414BF00612535 /* Debug */,
				32C0F420237414BF00612535 /* Release */,
			);
			defaultConfigurationIsVisible = 0;
			defaultConfigurationName = Release;
		};
		32C0F421237414BF00612535 /* Build configuration list for PBXNativeTarget "Pixart" */ = {
			isa = XCConfigurationList;
			buildConfigurations = (
				32C0F422237414BF00612535 /* Debug */,
				32C0F423237414BF00612535 /* Release */,
			);
			defaultConfigurationIsVisible = 0;
			defaultConfigurationName = Release;
		};
/* End XCConfigurationList section */

/* Begin XCVersionGroup section */
		32002899237BD15B0095CE03 /* Local.xcdatamodeld */ = {
			isa = XCVersionGroup;
			children = (
				3200289A237BD15B0095CE03 /* Local.xcdatamodel */,
			);
			currentVersion = 3200289A237BD15B0095CE03 /* Local.xcdatamodel */;
			path = Local.xcdatamodeld;
			sourceTree = "<group>";
			versionGroupType = wrapper.xcdatamodel;
		};
/* End XCVersionGroup section */
	};
	rootObject = 32C0F405237414BD00612535 /* Project object */;
}
